// !$*UTF8*$!
{
	archiveVersion = 1;
	classes = {
	};
	objectVersion = 55;
	objects = {

/* Begin PBXBuildFile section */
		774CEDC027F49E4200F0F7A1 /* AppDelegate.swift in Sources */ = {isa = PBXBuildFile; fileRef = 774CEDBF27F49E4200F0F7A1 /* AppDelegate.swift */; };
		774CEDC227F49E4200F0F7A1 /* SceneDelegate.swift in Sources */ = {isa = PBXBuildFile; fileRef = 774CEDC127F49E4200F0F7A1 /* SceneDelegate.swift */; };
		774CEDC427F49E4200F0F7A1 /* ViewController.swift in Sources */ = {isa = PBXBuildFile; fileRef = 774CEDC327F49E4200F0F7A1 /* ViewController.swift */; };
		774CEDC727F49E4200F0F7A1 /* Main.storyboard in Resources */ = {isa = PBXBuildFile; fileRef = 774CEDC527F49E4200F0F7A1 /* Main.storyboard */; };
		774CEDC927F49E4400F0F7A1 /* Assets.xcassets in Resources */ = {isa = PBXBuildFile; fileRef = 774CEDC827F49E4400F0F7A1 /* Assets.xcassets */; };
		774CEDCC27F49E4400F0F7A1 /* LaunchScreen.storyboard in Resources */ = {isa = PBXBuildFile; fileRef = 774CEDCA27F49E4400F0F7A1 /* LaunchScreen.storyboard */; };
		7775E2B627F608D700B05EA5 /* Beer.swift in Sources */ = {isa = PBXBuildFile; fileRef = 7775E2B527F608D700B05EA5 /* Beer.swift */; };
		7775E2B827F608DF00B05EA5 /* Singleton.swift in Sources */ = {isa = PBXBuildFile; fileRef = 7775E2B727F608DF00B05EA5 /* Singleton.swift */; };
/* End PBXBuildFile section */

/* Begin PBXFileReference section */
		774CEDBC27F49E4200F0F7A1 /* BearShop.app */ = {isa = PBXFileReference; explicitFileType = wrapper.application; includeInIndex = 0; path = BearShop.app; sourceTree = BUILT_PRODUCTS_DIR; };
		774CEDBF27F49E4200F0F7A1 /* AppDelegate.swift */ = {isa = PBXFileReference; lastKnownFileType = sourcecode.swift; path = AppDelegate.swift; sourceTree = "<group>"; };
		774CEDC127F49E4200F0F7A1 /* SceneDelegate.swift */ = {isa = PBXFileReference; lastKnownFileType = sourcecode.swift; path = SceneDelegate.swift; sourceTree = "<group>"; };
		774CEDC327F49E4200F0F7A1 /* ViewController.swift */ = {isa = PBXFileReference; lastKnownFileType = sourcecode.swift; path = ViewController.swift; sourceTree = "<group>"; };
		774CEDC627F49E4200F0F7A1 /* Base */ = {isa = PBXFileReference; lastKnownFileType = file.storyboard; name = Base; path = Base.lproj/Main.storyboard; sourceTree = "<group>"; };
		774CEDC827F49E4400F0F7A1 /* Assets.xcassets */ = {isa = PBXFileReference; lastKnownFileType = folder.assetcatalog; path = Assets.xcassets; sourceTree = "<group>"; };
		774CEDCB27F49E4400F0F7A1 /* Base */ = {isa = PBXFileReference; lastKnownFileType = file.storyboard; name = Base; path = Base.lproj/LaunchScreen.storyboard; sourceTree = "<group>"; };
		774CEDCD27F49E4400F0F7A1 /* Info.plist */ = {isa = PBXFileReference; lastKnownFileType = text.plist.xml; path = Info.plist; sourceTree = "<group>"; };
		7775E2B527F608D700B05EA5 /* Beer.swift */ = {isa = PBXFileReference; lastKnownFileType = sourcecode.swift; path = Beer.swift; sourceTree = "<group>"; };
		7775E2B727F608DF00B05EA5 /* Singleton.swift */ = {isa = PBXFileReference; lastKnownFileType = sourcecode.swift; path = Singleton.swift; sourceTree = "<group>"; };
/* End PBXFileReference section */

/* Begin PBXFrameworksBuildPhase section */
		774CEDB927F49E4200F0F7A1 /* Frameworks */ = {
			isa = PBXFrameworksBuildPhase;
			buildActionMask = 2147483647;
			files = (
			);
			runOnlyForDeploymentPostprocessing = 0;
		};
/* End PBXFrameworksBuildPhase section */

/* Begin PBXGroup section */
		774CEDB327F49E4200F0F7A1 = {
			isa = PBXGroup;
			children = (
				774CEDBE27F49E4200F0F7A1 /* BearShop */,
				774CEDBD27F49E4200F0F7A1 /* Products */,
			);
			sourceTree = "<group>";
		};
		774CEDBD27F49E4200F0F7A1 /* Products */ = {
			isa = PBXGroup;
			children = (
				774CEDBC27F49E4200F0F7A1 /* BearShop.app */,
			);
			name = Products;
			sourceTree = "<group>";
		};
		774CEDBE27F49E4200F0F7A1 /* BearShop */ = {
			isa = PBXGroup;
			children = (
				774CEDBF27F49E4200F0F7A1 /* AppDelegate.swift */,
				774CEDC127F49E4200F0F7A1 /* SceneDelegate.swift */,
				774CEDC327F49E4200F0F7A1 /* ViewController.swift */,
				7775E2B527F608D700B05EA5 /* Beer.swift */,
				7775E2B727F608DF00B05EA5 /* Singleton.swift */,
				774CEDC527F49E4200F0F7A1 /* Main.storyboard */,
				774CEDC827F49E4400F0F7A1 /* Assets.xcassets */,
				774CEDCA27F49E4400F0F7A1 /* LaunchScreen.storyboard */,
				774CEDCD27F49E4400F0F7A1 /* Info.plist */,
			);
			path = BearShop;
			sourceTree = "<group>";
		};
/* End PBXGroup section */

/* Begin PBXNativeTarget section */
		774CEDBB27F49E4200F0F7A1 /* BearShop */ = {
			isa = PBXNativeTarget;
			buildConfigurationList = 774CEDD027F49E4400F0F7A1 /* Build configuration list for PBXNativeTarget "BearShop" */;
			buildPhases = (
				774CEDB827F49E4200F0F7A1 /* Sources */,
				774CEDB927F49E4200F0F7A1 /* Frameworks */,
				774CEDBA27F49E4200F0F7A1 /* Resources */,
			);
			buildRules = (
			);
			dependencies = (
			);
			name = BearShop;
			productName = BearShop;
			productReference = 774CEDBC27F49E4200F0F7A1 /* BearShop.app */;
			productType = "com.apple.product-type.application";
		};
/* End PBXNativeTarget section */

/* Begin PBXProject section */
		774CEDB427F49E4200F0F7A1 /* Project object */ = {
			isa = PBXProject;
			attributes = {
				BuildIndependentTargetsInParallel = 1;
				LastSwiftUpdateCheck = 1320;
				LastUpgradeCheck = 1320;
				TargetAttributes = {
					774CEDBB27F49E4200F0F7A1 = {
						CreatedOnToolsVersion = 13.2.1;
					};
				};
			};
			buildConfigurationList = 774CEDB727F49E4200F0F7A1 /* Build configuration list for PBXProject "BearShop" */;
			compatibilityVersion = "Xcode 13.0";
			developmentRegion = en;
			hasScannedForEncodings = 0;
			knownRegions = (
				en,
				Base,
			);
			mainGroup = 774CEDB327F49E4200F0F7A1;
			productRefGroup = 774CEDBD27F49E4200F0F7A1 /* Products */;
			projectDirPath = "";
			projectRoot = "";
			targets = (
				774CEDBB27F49E4200F0F7A1 /* BearShop */,
			);
		};
/* End PBXProject section */

/* Begin PBXResourcesBuildPhase section */
		774CEDBA27F49E4200F0F7A1 /* Resources */ = {
			isa = PBXResourcesBuildPhase;
			buildActionMask = 2147483647;
			files = (
				774CEDCC27F49E4400F0F7A1 /* LaunchScreen.storyboard in Resources */,
				774CEDC927F49E4400F0F7A1 /* Assets.xcassets in Resources */,
				774CEDC727F49E4200F0F7A1 /* Main.storyboard in Resources */,
			);
			runOnlyForDeploymentPostprocessing = 0;
		};
/* End PBXResourcesBuildPhase section */

/* Begin PBXSourcesBuildPhase section */
		774CEDB827F49E4200F0F7A1 /* Sources */ = {
			isa = PBXSourcesBuildPhase;
			buildActionMask = 2147483647;
			files = (
				774CEDC427F49E4200F0F7A1 /* ViewController.swift in Sources */,
				774CEDC027F49E4200F0F7A1 /* AppDelegate.swift in Sources */,
				774CEDC227F49E4200F0F7A1 /* SceneDelegate.swift in Sources */,
				7775E2B827F608DF00B05EA5 /* Singleton.swift in Sources */,
				7775E2B627F608D700B05EA5 /* Beer.swift in Sources */,
			);
			runOnlyForDeploymentPostprocessing = 0;
		};
/* End PBXSourcesBuildPhase section */

/* Begin PBXVariantGroup section */
		774CEDC527F49E4200F0F7A1 /* Main.storyboard */ = {
			isa = PBXVariantGroup;
			children = (
				774CEDC627F49E4200F0F7A1 /* Base */,
			);
			name = Main.storyboard;
			sourceTree = "<group>";
		};
		774CEDCA27F49E4400F0F7A1 /* LaunchScreen.storyboard */ = {
			isa = PBXVariantGroup;
			children = (
				774CEDCB27F49E4400F0F7A1 /* Base */,
			);
			name = LaunchScreen.storyboard;
			sourceTree = "<group>";
		};
/* End PBXVariantGroup section */

/* Begin XCBuildConfiguration section */
		774CEDCE27F49E4400F0F7A1 /* Debug */ = {
			isa = XCBuildConfiguration;
			buildSettings = {
				ALWAYS_SEARCH_USER_PATHS = NO;
				CLANG_ANALYZER_NONNULL = YES;
				CLANG_ANALYZER_NUMBER_OBJECT_CONVERSION = YES_AGGRESSIVE;
				CLANG_CXX_LANGUAGE_STANDARD = "gnu++17";
				CLANG_CXX_LIBRARY = "libc++";
				CLANG_ENABLE_MODULES = YES;
				CLANG_ENABLE_OBJC_ARC = YES;
				CLANG_ENABLE_OBJC_WEAK = YES;
				CLANG_WARN_BLOCK_CAPTURE_AUTORELEASING = YES;
				CLANG_WARN_BOOL_CONVERSION = YES;
				CLANG_WARN_COMMA = YES;
				CLANG_WARN_CONSTANT_CONVERSION = YES;
				CLANG_WARN_DEPRECATED_OBJC_IMPLEMENTATIONS = YES;
				CLANG_WARN_DIRECT_OBJC_ISA_USAGE = YES_ERROR;
				CLANG_WARN_DOCUMENTATION_COMMENTS = YES;
				CLANG_WARN_EMPTY_BODY = YES;
				CLANG_WARN_ENUM_CONVERSION = YES;
				CLANG_WARN_INFINITE_RECURSION = YES;
				CLANG_WARN_INT_CONVERSION = YES;
				CLANG_WARN_NON_LITERAL_NULL_CONVERSION = YES;
				CLANG_WARN_OBJC_IMPLICIT_RETAIN_SELF = YES;
				CLANG_WARN_OBJC_LITERAL_CONVERSION = YES;
				CLANG_WARN_OBJC_ROOT_CLASS = YES_ERROR;
				CLANG_WARN_QUOTED_INCLUDE_IN_FRAMEWORK_HEADER = YES;
				CLANG_WARN_RANGE_LOOP_ANALYSIS = YES;
				CLANG_WARN_STRICT_PROTOTYPES = YES;
				CLANG_WARN_SUSPICIOUS_MOVE = YES;
				CLANG_WARN_UNGUARDED_AVAILABILITY = YES_AGGRESSIVE;
				CLANG_WARN_UNREACHABLE_CODE = YES;
				CLANG_WARN__DUPLICATE_METHOD_MATCH = YES;
				COPY_PHASE_STRIP = NO;
				DEBUG_INFORMATION_FORMAT = dwarf;
				ENABLE_STRICT_OBJC_MSGSEND = YES;
				ENABLE_TESTABILITY = YES;
				GCC_C_LANGUAGE_STANDARD = gnu11;
				GCC_DYNAMIC_NO_PIC = NO;
				GCC_NO_COMMON_BLOCKS = YES;
				GCC_OPTIMIZATION_LEVEL = 0;
				GCC_PREPROCESSOR_DEFINITIONS = (
					"DEBUG=1",
					"$(inherited)",
				);
				GCC_WARN_64_TO_32_BIT_CONVERSION = YES;
				GCC_WARN_ABOUT_RETURN_TYPE = YES_ERROR;
				GCC_WARN_UNDECLARED_SELECTOR = YES;
				GCC_WARN_UNINITIALIZED_AUTOS = YES_AGGRESSIVE;
				GCC_WARN_UNUSED_FUNCTION = YES;
				GCC_WARN_UNUSED_VARIABLE = YES;
				IPHONEOS_DEPLOYMENT_TARGET = 15.2;
				MTL_ENABLE_DEBUG_INFO = INCLUDE_SOURCE;
				MTL_FAST_MATH = YES;
				ONLY_ACTIVE_ARCH = YES;
				SDKROOT = iphoneos;
				SWIFT_ACTIVE_COMPILATION_CONDITIONS = DEBUG;
				SWIFT_OPTIMIZATION_LEVEL = "-Onone";
			};
			name = Debug;
		};
		774CEDCF27F49E4400F0F7A1 /* Release */ = {
			isa = XCBuildConfiguration;
			buildSettings = {
				ALWAYS_SEARCH_USER_PATHS = NO;
				CLANG_ANALYZER_NONNULL = YES;
				CLANG_ANALYZER_NUMBER_OBJECT_CONVERSION = YES_AGGRESSIVE;
				CLANG_CXX_LANGUAGE_STANDARD = "gnu++17";
				CLANG_CXX_LIBRARY = "libc++";
				CLANG_ENABLE_MODULES = YES;
				CLANG_ENABLE_OBJC_ARC = YES;
				CLANG_ENABLE_OBJC_WEAK = YES;
				CLANG_WARN_BLOCK_CAPTURE_AUTORELEASING = YES;
				CLANG_WARN_BOOL_CONVERSION = YES;
				CLANG_WARN_COMMA = YES;
				CLANG_WARN_CONSTANT_CONVERSION = YES;
				CLANG_WARN_DEPRECATED_OBJC_IMPLEMENTATIONS = YES;
				CLANG_WARN_DIRECT_OBJC_ISA_USAGE = YES_ERROR;
				CLANG_WARN_DOCUMENTATION_COMMENTS = YES;
				CLANG_WARN_EMPTY_BODY = YES;
				CLANG_WARN_ENUM_CONVERSION = YES;
				CLANG_WARN_INFINITE_RECURSION = YES;
				CLANG_WARN_INT_CONVERSION = YES;
				CLANG_WARN_NON_LITERAL_NULL_CONVERSION = YES;
				CLANG_WARN_OBJC_IMPLICIT_RETAIN_SELF = YES;
				CLANG_WARN_OBJC_LITERAL_CONVERSION = YES;
				CLANG_WARN_OBJC_ROOT_CLASS = YES_ERROR;
				CLANG_WARN_QUOTED_INCLUDE_IN_FRAMEWORK_HEADER = YES;
				CLANG_WARN_RANGE_LOOP_ANALYSIS = YES;
				CLANG_WARN_STRICT_PROTOTYPES = YES;
				CLANG_WARN_SUSPICIOUS_MOVE = YES;
				CLANG_WARN_UNGUARDED_AVAILABILITY = YES_AGGRESSIVE;
				CLANG_WARN_UNREACHABLE_CODE = YES;
				CLANG_WARN__DUPLICATE_METHOD_MATCH = YES;
				COPY_PHASE_STRIP = NO;
				DEBUG_INFORMATION_FORMAT = "dwarf-with-dsym";
				ENABLE_NS_ASSERTIONS = NO;
				ENABLE_STRICT_OBJC_MSGSEND = YES;
				GCC_C_LANGUAGE_STANDARD = gnu11;
				GCC_NO_COMMON_BLOCKS = YES;
				GCC_WARN_64_TO_32_BIT_CONVERSION = YES;
				GCC_WARN_ABOUT_RETURN_TYPE = YES_ERROR;
				GCC_WARN_UNDECLARED_SELECTOR = YES;
				GCC_WARN_UNINITIALIZED_AUTOS = YES_AGGRESSIVE;
				GCC_WARN_UNUSED_FUNCTION = YES;
				GCC_WARN_UNUSED_VARIABLE = YES;
				IPHONEOS_DEPLOYMENT_TARGET = 15.2;
				MTL_ENABLE_DEBUG_INFO = NO;
				MTL_FAST_MATH = YES;
				SDKROOT = iphoneos;
				SWIFT_COMPILATION_MODE = wholemodule;
				SWIFT_OPTIMIZATION_LEVEL = "-O";
				VALIDATE_PRODUCT = YES;
			};
			name = Release;
		};
		774CEDD127F49E4400F0F7A1 /* Debug */ = {
			isa = XCBuildConfiguration;
			buildSettings = {
				ASSETCATALOG_COMPILER_APPICON_NAME = AppIcon;
				ASSETCATALOG_COMPILER_GLOBAL_ACCENT_COLOR_NAME = AccentColor;
				CODE_SIGN_STYLE = Automatic;
				CURRENT_PROJECT_VERSION = 1;
				DEVELOPMENT_TEAM = 4NS32DZ25C;
				GENERATE_INFOPLIST_FILE = YES;
				INFOPLIST_FILE = BearShop/Info.plist;
				INFOPLIST_KEY_UIApplicationSupportsIndirectInputEvents = YES;
				INFOPLIST_KEY_UILaunchStoryboardName = LaunchScreen;
				INFOPLIST_KEY_UIMainStoryboardFile = Main;
				INFOPLIST_KEY_UISupportedInterfaceOrientations = UIInterfaceOrientationPortrait;
				INFOPLIST_KEY_UISupportedInterfaceOrientations_iPad = "UIInterfaceOrientationPortrait UIInterfaceOrientationPortraitUpsideDown UIInterfaceOrientationLandscapeLeft UIInterfaceOrientationLandscapeRight";
				INFOPLIST_KEY_UISupportedInterfaceOrientations_iPhone = "UIInterfaceOrientationPortrait UIInterfaceOrientationLandscapeLeft UIInterfaceOrientationLandscapeRight";
				IPHONEOS_DEPLOYMENT_TARGET = 14.4;
				LD_RUNPATH_SEARCH_PATHS = (
					"$(inherited)",
					"@executable_path/Frameworks",
				);
				MARKETING_VERSION = 1.0;
				PRODUCT_BUNDLE_IDENTIFIER = andeoff.BearShop;
				PRODUCT_NAME = "$(TARGET_NAME)";
				SWIFT_EMIT_LOC_STRINGS = YES;
				SWIFT_VERSION = 5.0;
				TARGETED_DEVICE_FAMILY = 1;
			};
			name = Debug;
		};
		774CEDD227F49E4400F0F7A1 /* Release */ = {
			isa = XCBuildConfiguration;
			buildSettings = {
				ASSETCATALOG_COMPILER_APPICON_NAME = AppIcon;
				ASSETCATALOG_COMPILER_GLOBAL_ACCENT_COLOR_NAME = AccentColor;
				CODE_SIGN_STYLE = Automatic;
				CURRENT_PROJECT_VERSION = 1;
				DEVELOPMENT_TEAM = 4NS32DZ25C;
				GENERATE_INFOPLIST_FILE = YES;
				INFOPLIST_FILE = BearShop/Info.plist;
				INFOPLIST_KEY_UIApplicationSupportsIndirectInputEvents = YES;
				INFOPLIST_KEY_UILaunchStoryboardName = LaunchScreen;
				INFOPLIST_KEY_UIMainStoryboardFile = Main;
				INFOPLIST_KEY_UISupportedInterfaceOrientations = UIInterfaceOrientationPortrait;
				INFOPLIST_KEY_UISupportedInterfaceOrientations_iPad = "UIInterfaceOrientationPortrait UIInterfaceOrientationPortraitUpsideDown UIInterfaceOrientationLandscapeLeft UIInterfaceOrientationLandscapeRight";
				INFOPLIST_KEY_UISupportedInterfaceOrientations_iPhone = "UIInterfaceOrientationPortrait UIInterfaceOrientationLandscapeLeft UIInterfaceOrientationLandscapeRight";
				IPHONEOS_DEPLOYMENT_TARGET = 14.4;
				LD_RUNPATH_SEARCH_PATHS = (
					"$(inherited)",
					"@executable_path/Frameworks",
				);
				MARKETING_VERSION = 1.0;
				PRODUCT_BUNDLE_IDENTIFIER = andeoff.BearShop;
				PRODUCT_NAME = "$(TARGET_NAME)";
				SWIFT_EMIT_LOC_STRINGS = YES;
				SWIFT_VERSION = 5.0;
				TARGETED_DEVICE_FAMILY = 1;
			};
			name = Release;
		};
/* End XCBuildConfiguration section */

/* Begin XCConfigurationList section */
		774CEDB727F49E4200F0F7A1 /* Build configuration list for PBXProject "BearShop" */ = {
			isa = XCConfigurationList;
			buildConfigurations = (
				774CEDCE27F49E4400F0F7A1 /* Debug */,
				774CEDCF27F49E4400F0F7A1 /* Release */,
			);
			defaultConfigurationIsVisible = 0;
			defaultConfigurationName = Release;
		};
		774CEDD027F49E4400F0F7A1 /* Build configuration list for PBXNativeTarget "BearShop" */ = {
			isa = XCConfigurationList;
			buildConfigurations = (
				774CEDD127F49E4400F0F7A1 /* Debug */,
				774CEDD227F49E4400F0F7A1 /* Release */,
			);
			defaultConfigurationIsVisible = 0;
			defaultConfigurationName = Release;
		};
/* End XCConfigurationList section */
	};
	rootObject = 774CEDB427F49E4200F0F7A1 /* Project object */;
}
